
Microsoft Visual Studio Solution File, Format Version 12.00
# Visual Studio Version 17
VisualStudioVersion = 17.3.32929.385
MinimumVisualStudioVersion = 10.0.40219.1
Project("{FAE04EC0-301F-11D3-BF4B-00C04F79EFBC}") = "FProgramMod", "FProgramMod\FProgramMod.csproj", "{BA190000-5E21-40E0-8720-2E0CC797E5DC}"
EndProject
Global
	GlobalSection(SolutionConfigurationPlatforms) = preSolution
		Debug|Any CPU = Debug|Any CPU
		Release|Any CPU = Release|Any CPU
	EndGlobalSection
	GlobalSection(ProjectConfigurationPlatforms) = postSolution
		{BA190000-5E21-40E0-8720-2E0CC797E5DC}.Debug|Any CPU.ActiveCfg = Debug|Any CPU
		{BA190000-5E21-40E0-8720-2E0CC797E5DC}.Debug|Any CPU.Build.0 = Debug|Any CPU
		{BA190000-5E21-40E0-8720-2E0CC797E5DC}.Release|Any CPU.ActiveCfg = Release|Any CPU
		{BA190000-5E21-40E0-8720-2E0CC797E5DC}.Release|Any CPU.Build.0 = Release|Any CPU
	EndGlobalSection
	GlobalSection(SolutionProperties) = preSolution
		HideSolutionNode = FALSE
	EndGlobalSection
	GlobalSection(ExtensibilityGlobals) = postSolution
		SolutionGuid = {41F7B855-5188-428B-B8FD-026ED1355DF2}
	EndGlobalSection
EndGlobal
